// !$*UTF8*$!
{
	archiveVersion = 1;
	classes = {
	};
	objectVersion = 51;
	objects = {

/* Begin PBXBuildFile section */
		319ABF0C821D3727C6D86358 /* Pods_Ashan_Dias_cobsccomp192p_028_Ashan_Dias_cobsccomp192p_028UITests.framework in Frameworks */ = {isa = PBXBuildFile; fileRef = FCC168F62951DE55B36B9E4E /* Pods_Ashan_Dias_cobsccomp192p_028_Ashan_Dias_cobsccomp192p_028UITests.framework */; };
		9897565F261C675300126288 /* AppDelegate.swift in Sources */ = {isa = PBXBuildFile; fileRef = 9897565E261C675300126288 /* AppDelegate.swift */; };
		98975661261C675300126288 /* SceneDelegate.swift in Sources */ = {isa = PBXBuildFile; fileRef = 98975660261C675300126288 /* SceneDelegate.swift */; };
		98975663261C675300126288 /* LoginViewController.swift in Sources */ = {isa = PBXBuildFile; fileRef = 98975662261C675300126288 /* LoginViewController.swift */; };
		98975666261C675300126288 /* Main.storyboard in Resources */ = {isa = PBXBuildFile; fileRef = 98975664261C675300126288 /* Main.storyboard */; };
		98975668261C675400126288 /* Assets.xcassets in Resources */ = {isa = PBXBuildFile; fileRef = 98975667261C675400126288 /* Assets.xcassets */; };
		9897566B261C675400126288 /* LaunchScreen.storyboard in Resources */ = {isa = PBXBuildFile; fileRef = 98975669261C675400126288 /* LaunchScreen.storyboard */; };
		98975676261C675400126288 /* Ashan_Dias_cobsccomp192p_028Tests.swift in Sources */ = {isa = PBXBuildFile; fileRef = 98975675261C675400126288 /* Ashan_Dias_cobsccomp192p_028Tests.swift */; };
		98975681261C675400126288 /* Ashan_Dias_cobsccomp192p_028UITests.swift in Sources */ = {isa = PBXBuildFile; fileRef = 98975680261C675400126288 /* Ashan_Dias_cobsccomp192p_028UITests.swift */; };
		989756A7261C775800126288 /* logo.png in Resources */ = {isa = PBXBuildFile; fileRef = 989756A6261C775800126288 /* logo.png */; };
		989756BF261D938500126288 /* RegisterViewController.swift in Sources */ = {isa = PBXBuildFile; fileRef = 989756BE261D938500126288 /* RegisterViewController.swift */; };
		989756C4261D98F700126288 /* ForgetPasswordViewController.swift in Sources */ = {isa = PBXBuildFile; fileRef = 989756C3261D98F700126288 /* ForgetPasswordViewController.swift */; };
		989756C9261D99B700126288 /* RetrivePasswordViewController.swift in Sources */ = {isa = PBXBuildFile; fileRef = 989756C8261D99B700126288 /* RetrivePasswordViewController.swift */; };
		989756CE261DA03800126288 /* LocationViewController.swift in Sources */ = {isa = PBXBuildFile; fileRef = 989756CD261DA03800126288 /* LocationViewController.swift */; };
		989756D3261DA0C500126288 /* layer-211@2x.png in Resources */ = {isa = PBXBuildFile; fileRef = 989756D2261DA0C500126288 /* layer-211@2x.png */; };
		989756D8261DA0D800126288 /* pin2x-1.png in Resources */ = {isa = PBXBuildFile; fileRef = 989756D7261DA0D800126288 /* pin2x-1.png */; };
		98EEA54926232D05001048A7 /* MenuItem.swift in Sources */ = {isa = PBXBuildFile; fileRef = 98EEA54826232D05001048A7 /* MenuItem.swift */; };
		98EEA56226233E51001048A7 /* PreviewTableViewCell.swift in Sources */ = {isa = PBXBuildFile; fileRef = 98EEA56026233E51001048A7 /* PreviewTableViewCell.swift */; };
		98EEA56326233E51001048A7 /* PreviewTableViewCell.xib in Resources */ = {isa = PBXBuildFile; fileRef = 98EEA56126233E51001048A7 /* PreviewTableViewCell.xib */; };
		98EEA56826242840001048A7 /* OrderViewController.swift in Sources */ = {isa = PBXBuildFile; fileRef = 98EEA56726242840001048A7 /* OrderViewController.swift */; };
		98EEA56E26242D58001048A7 /* OrderTableViewCell.swift in Sources */ = {isa = PBXBuildFile; fileRef = 98EEA56C26242D58001048A7 /* OrderTableViewCell.swift */; };
		98EEA56F26242D58001048A7 /* OrderTableViewCell.xib in Resources */ = {isa = PBXBuildFile; fileRef = 98EEA56D26242D58001048A7 /* OrderTableViewCell.xib */; };
		98EEA5742624432D001048A7 /* Orders.swift in Sources */ = {isa = PBXBuildFile; fileRef = 98EEA5732624432D001048A7 /* Orders.swift */; };
		98F6D240261EF9EC00AEA8BA /* PreviewViewController.swift in Sources */ = {isa = PBXBuildFile; fileRef = 98F6D23F261EF9EC00AEA8BA /* PreviewViewController.swift */; };
		98F6D245261EFA0A00AEA8BA /* CategoryViewController.swift in Sources */ = {isa = PBXBuildFile; fileRef = 98F6D244261EFA0A00AEA8BA /* CategoryViewController.swift */; };
		98F6D24A261EFA2B00AEA8BA /* MenuViewController.swift in Sources */ = {isa = PBXBuildFile; fileRef = 98F6D249261EFA2B00AEA8BA /* MenuViewController.swift */; };
		98F6D257261F3F0200AEA8BA /* default_Image.png in Resources */ = {isa = PBXBuildFile; fileRef = 98F6D256261F3F0100AEA8BA /* default_Image.png */; };
		98FB9AE92622DE0E00907107 /* GoogleService-Info.plist in Resources */ = {isa = PBXBuildFile; fileRef = 98FB9AE82622DE0E00907107 /* GoogleService-Info.plist */; };
		98FB9AF02622E3B300907107 /* CategoryTableViewCell.swift in Sources */ = {isa = PBXBuildFile; fileRef = 98FB9AEE2622E3B300907107 /* CategoryTableViewCell.swift */; };
		98FB9AF12622E3B300907107 /* CategoryTableViewCell.xib in Resources */ = {isa = PBXBuildFile; fileRef = 98FB9AEF2622E3B300907107 /* CategoryTableViewCell.xib */; };
		98FB9AFA2622F93000907107 /* Category.swift in Sources */ = {isa = PBXBuildFile; fileRef = 98FB9AF92622F93000907107 /* Category.swift */; };
		BCE0C582CC0635819A1127C6 /* Pods_Ashan_Dias_cobsccomp192p_028.framework in Frameworks */ = {isa = PBXBuildFile; fileRef = 3746F6C9F78BCC731D5C9DD7 /* Pods_Ashan_Dias_cobsccomp192p_028.framework */; };
		ECAA8B64715F3EB015ECCC94 /* Pods_Ashan_Dias_cobsccomp192p_028Tests.framework in Frameworks */ = {isa = PBXBuildFile; fileRef = B35F549CC2D7FE820C4BCCE2 /* Pods_Ashan_Dias_cobsccomp192p_028Tests.framework */; };
/* End PBXBuildFile section */

/* Begin PBXContainerItemProxy section */
		98975672261C675400126288 /* PBXContainerItemProxy */ = {
			isa = PBXContainerItemProxy;
			containerPortal = 98975653261C675300126288 /* Project object */;
			proxyType = 1;
			remoteGlobalIDString = 9897565A261C675300126288;
			remoteInfo = Ashan_Dias_cobsccomp192p_028;
		};
		9897567D261C675400126288 /* PBXContainerItemProxy */ = {
			isa = PBXContainerItemProxy;
			containerPortal = 98975653261C675300126288 /* Project object */;
			proxyType = 1;
			remoteGlobalIDString = 9897565A261C675300126288;
			remoteInfo = Ashan_Dias_cobsccomp192p_028;
		};
/* End PBXContainerItemProxy section */

/* Begin PBXFileReference section */
		182C6E5BE8C79A168ED5F7D8 /* Pods-Ashan_Dias_cobsccomp192p_028Tests.release.xcconfig */ = {isa = PBXFileReference; includeInIndex = 1; lastKnownFileType = text.xcconfig; name = "Pods-Ashan_Dias_cobsccomp192p_028Tests.release.xcconfig"; path = "Target Support Files/Pods-Ashan_Dias_cobsccomp192p_028Tests/Pods-Ashan_Dias_cobsccomp192p_028Tests.release.xcconfig"; sourceTree = "<group>"; };
		3746F6C9F78BCC731D5C9DD7 /* Pods_Ashan_Dias_cobsccomp192p_028.framework */ = {isa = PBXFileReference; explicitFileType = wrapper.framework; includeInIndex = 0; path = Pods_Ashan_Dias_cobsccomp192p_028.framework; sourceTree = BUILT_PRODUCTS_DIR; };
		9897565B261C675300126288 /* Ashan_Dias_cobsccomp192p_028.app */ = {isa = PBXFileReference; explicitFileType = wrapper.application; includeInIndex = 0; path = Ashan_Dias_cobsccomp192p_028.app; sourceTree = BUILT_PRODUCTS_DIR; };
		9897565E261C675300126288 /* AppDelegate.swift */ = {isa = PBXFileReference; lastKnownFileType = sourcecode.swift; path = AppDelegate.swift; sourceTree = "<group>"; };
		98975660261C675300126288 /* SceneDelegate.swift */ = {isa = PBXFileReference; lastKnownFileType = sourcecode.swift; path = SceneDelegate.swift; sourceTree = "<group>"; };
		98975662261C675300126288 /* LoginViewController.swift */ = {isa = PBXFileReference; lastKnownFileType = sourcecode.swift; path = LoginViewController.swift; sourceTree = "<group>"; };
		98975665261C675300126288 /* Base */ = {isa = PBXFileReference; lastKnownFileType = file.storyboard; name = Base; path = Base.lproj/Main.storyboard; sourceTree = "<group>"; };
		98975667261C675400126288 /* Assets.xcassets */ = {isa = PBXFileReference; lastKnownFileType = folder.assetcatalog; path = Assets.xcassets; sourceTree = "<group>"; };
		9897566A261C675400126288 /* Base */ = {isa = PBXFileReference; lastKnownFileType = file.storyboard; name = Base; path = Base.lproj/LaunchScreen.storyboard; sourceTree = "<group>"; };
		9897566C261C675400126288 /* Info.plist */ = {isa = PBXFileReference; lastKnownFileType = text.plist.xml; path = Info.plist; sourceTree = "<group>"; };
		98975671261C675400126288 /* Ashan_Dias_cobsccomp192p_028Tests.xctest */ = {isa = PBXFileReference; explicitFileType = wrapper.cfbundle; includeInIndex = 0; path = Ashan_Dias_cobsccomp192p_028Tests.xctest; sourceTree = BUILT_PRODUCTS_DIR; };
		98975675261C675400126288 /* Ashan_Dias_cobsccomp192p_028Tests.swift */ = {isa = PBXFileReference; lastKnownFileType = sourcecode.swift; path = Ashan_Dias_cobsccomp192p_028Tests.swift; sourceTree = "<group>"; };
		98975677261C675400126288 /* Info.plist */ = {isa = PBXFileReference; lastKnownFileType = text.plist.xml; path = Info.plist; sourceTree = "<group>"; };
		9897567C261C675400126288 /* Ashan_Dias_cobsccomp192p_028UITests.xctest */ = {isa = PBXFileReference; explicitFileType = wrapper.cfbundle; includeInIndex = 0; path = Ashan_Dias_cobsccomp192p_028UITests.xctest; sourceTree = BUILT_PRODUCTS_DIR; };
		98975680261C675400126288 /* Ashan_Dias_cobsccomp192p_028UITests.swift */ = {isa = PBXFileReference; lastKnownFileType = sourcecode.swift; path = Ashan_Dias_cobsccomp192p_028UITests.swift; sourceTree = "<group>"; };
		98975682261C675400126288 /* Info.plist */ = {isa = PBXFileReference; lastKnownFileType = text.plist.xml; path = Info.plist; sourceTree = "<group>"; };
		989756A6261C775800126288 /* logo.png */ = {isa = PBXFileReference; lastKnownFileType = image.png; path = logo.png; sourceTree = "<group>"; };
		989756BE261D938500126288 /* RegisterViewController.swift */ = {isa = PBXFileReference; lastKnownFileType = sourcecode.swift; path = RegisterViewController.swift; sourceTree = "<group>"; };
		989756C3261D98F700126288 /* ForgetPasswordViewController.swift */ = {isa = PBXFileReference; lastKnownFileType = sourcecode.swift; path = ForgetPasswordViewController.swift; sourceTree = "<group>"; };
		989756C8261D99B700126288 /* RetrivePasswordViewController.swift */ = {isa = PBXFileReference; lastKnownFileType = sourcecode.swift; path = RetrivePasswordViewController.swift; sourceTree = "<group>"; };
		989756CD261DA03800126288 /* LocationViewController.swift */ = {isa = PBXFileReference; lastKnownFileType = sourcecode.swift; path = LocationViewController.swift; sourceTree = "<group>"; };
		989756D2261DA0C500126288 /* layer-211@2x.png */ = {isa = PBXFileReference; lastKnownFileType = image.png; path = "layer-211@2x.png"; sourceTree = "<group>"; };
		989756D7261DA0D800126288 /* pin2x-1.png */ = {isa = PBXFileReference; lastKnownFileType = image.png; path = "pin2x-1.png"; sourceTree = "<group>"; };
		98EEA54826232D05001048A7 /* MenuItem.swift */ = {isa = PBXFileReference; lastKnownFileType = sourcecode.swift; path = MenuItem.swift; sourceTree = "<group>"; };
		98EEA56026233E51001048A7 /* PreviewTableViewCell.swift */ = {isa = PBXFileReference; lastKnownFileType = sourcecode.swift; path = PreviewTableViewCell.swift; sourceTree = "<group>"; };
		98EEA56126233E51001048A7 /* PreviewTableViewCell.xib */ = {isa = PBXFileReference; lastKnownFileType = file.xib; path = PreviewTableViewCell.xib; sourceTree = "<group>"; };
		98EEA56726242840001048A7 /* OrderViewController.swift */ = {isa = PBXFileReference; lastKnownFileType = sourcecode.swift; path = OrderViewController.swift; sourceTree = "<group>"; };
		98EEA56C26242D58001048A7 /* OrderTableViewCell.swift */ = {isa = PBXFileReference; lastKnownFileType = sourcecode.swift; path = OrderTableViewCell.swift; sourceTree = "<group>"; };
		98EEA56D26242D58001048A7 /* OrderTableViewCell.xib */ = {isa = PBXFileReference; lastKnownFileType = file.xib; path = OrderTableViewCell.xib; sourceTree = "<group>"; };
		98EEA5732624432D001048A7 /* Orders.swift */ = {isa = PBXFileReference; lastKnownFileType = sourcecode.swift; path = Orders.swift; sourceTree = "<group>"; };
		98F6D23F261EF9EC00AEA8BA /* PreviewViewController.swift */ = {isa = PBXFileReference; lastKnownFileType = sourcecode.swift; path = PreviewViewController.swift; sourceTree = "<group>"; };
		98F6D244261EFA0A00AEA8BA /* CategoryViewController.swift */ = {isa = PBXFileReference; lastKnownFileType = sourcecode.swift; path = CategoryViewController.swift; sourceTree = "<group>"; };
		98F6D249261EFA2B00AEA8BA /* MenuViewController.swift */ = {isa = PBXFileReference; lastKnownFileType = sourcecode.swift; path = MenuViewController.swift; sourceTree = "<group>"; };
		98F6D256261F3F0100AEA8BA /* default_Image.png */ = {isa = PBXFileReference; lastKnownFileType = image.png; path = default_Image.png; sourceTree = "<group>"; };
		98FB9AE82622DE0E00907107 /* GoogleService-Info.plist */ = {isa = PBXFileReference; fileEncoding = 4; lastKnownFileType = text.plist.xml; name = "GoogleService-Info.plist"; path = "../../../../../../../Downloads/GoogleService-Info.plist"; sourceTree = "<group>"; };
		98FB9AEE2622E3B300907107 /* CategoryTableViewCell.swift */ = {isa = PBXFileReference; lastKnownFileType = sourcecode.swift; path = CategoryTableViewCell.swift; sourceTree = "<group>"; };
		98FB9AEF2622E3B300907107 /* CategoryTableViewCell.xib */ = {isa = PBXFileReference; lastKnownFileType = file.xib; path = CategoryTableViewCell.xib; sourceTree = "<group>"; };
		98FB9AF92622F93000907107 /* Category.swift */ = {isa = PBXFileReference; lastKnownFileType = sourcecode.swift; path = Category.swift; sourceTree = "<group>"; };
		A73629927D8838DA29A85AFE /* Pods-Ashan_Dias_cobsccomp192p_028.release.xcconfig */ = {isa = PBXFileReference; includeInIndex = 1; lastKnownFileType = text.xcconfig; name = "Pods-Ashan_Dias_cobsccomp192p_028.release.xcconfig"; path = "Target Support Files/Pods-Ashan_Dias_cobsccomp192p_028/Pods-Ashan_Dias_cobsccomp192p_028.release.xcconfig"; sourceTree = "<group>"; };
		B35F549CC2D7FE820C4BCCE2 /* Pods_Ashan_Dias_cobsccomp192p_028Tests.framework */ = {isa = PBXFileReference; explicitFileType = wrapper.framework; includeInIndex = 0; path = Pods_Ashan_Dias_cobsccomp192p_028Tests.framework; sourceTree = BUILT_PRODUCTS_DIR; };
		B377792B4B715482DED1710E /* Pods-Ashan_Dias_cobsccomp192p_028-Ashan_Dias_cobsccomp192p_028UITests.debug.xcconfig */ = {isa = PBXFileReference; includeInIndex = 1; lastKnownFileType = text.xcconfig; name = "Pods-Ashan_Dias_cobsccomp192p_028-Ashan_Dias_cobsccomp192p_028UITests.debug.xcconfig"; path = "Target Support Files/Pods-Ashan_Dias_cobsccomp192p_028-Ashan_Dias_cobsccomp192p_028UITests/Pods-Ashan_Dias_cobsccomp192p_028-Ashan_Dias_cobsccomp192p_028UITests.debug.xcconfig"; sourceTree = "<group>"; };
		B4F998E7D1886EE079288410 /* Pods-Ashan_Dias_cobsccomp192p_028.debug.xcconfig */ = {isa = PBXFileReference; includeInIndex = 1; lastKnownFileType = text.xcconfig; name = "Pods-Ashan_Dias_cobsccomp192p_028.debug.xcconfig"; path = "Target Support Files/Pods-Ashan_Dias_cobsccomp192p_028/Pods-Ashan_Dias_cobsccomp192p_028.debug.xcconfig"; sourceTree = "<group>"; };
		D0C48AE02889A2ABAD32EACB /* Pods-Ashan_Dias_cobsccomp192p_028-Ashan_Dias_cobsccomp192p_028UITests.release.xcconfig */ = {isa = PBXFileReference; includeInIndex = 1; lastKnownFileType = text.xcconfig; name = "Pods-Ashan_Dias_cobsccomp192p_028-Ashan_Dias_cobsccomp192p_028UITests.release.xcconfig"; path = "Target Support Files/Pods-Ashan_Dias_cobsccomp192p_028-Ashan_Dias_cobsccomp192p_028UITests/Pods-Ashan_Dias_cobsccomp192p_028-Ashan_Dias_cobsccomp192p_028UITests.release.xcconfig"; sourceTree = "<group>"; };
		F350A6B012220971593E0D70 /* Pods-Ashan_Dias_cobsccomp192p_028Tests.debug.xcconfig */ = {isa = PBXFileReference; includeInIndex = 1; lastKnownFileType = text.xcconfig; name = "Pods-Ashan_Dias_cobsccomp192p_028Tests.debug.xcconfig"; path = "Target Support Files/Pods-Ashan_Dias_cobsccomp192p_028Tests/Pods-Ashan_Dias_cobsccomp192p_028Tests.debug.xcconfig"; sourceTree = "<group>"; };
		FCC168F62951DE55B36B9E4E /* Pods_Ashan_Dias_cobsccomp192p_028_Ashan_Dias_cobsccomp192p_028UITests.framework */ = {isa = PBXFileReference; explicitFileType = wrapper.framework; includeInIndex = 0; path = Pods_Ashan_Dias_cobsccomp192p_028_Ashan_Dias_cobsccomp192p_028UITests.framework; sourceTree = BUILT_PRODUCTS_DIR; };
/* End PBXFileReference section */

/* Begin PBXFrameworksBuildPhase section */
		98975658261C675300126288 /* Frameworks */ = {
			isa = PBXFrameworksBuildPhase;
			buildActionMask = 2147483647;
			files = (
				BCE0C582CC0635819A1127C6 /* Pods_Ashan_Dias_cobsccomp192p_028.framework in Frameworks */,
			);
			runOnlyForDeploymentPostprocessing = 0;
		};
		9897566E261C675400126288 /* Frameworks */ = {
			isa = PBXFrameworksBuildPhase;
			buildActionMask = 2147483647;
			files = (
				ECAA8B64715F3EB015ECCC94 /* Pods_Ashan_Dias_cobsccomp192p_028Tests.framework in Frameworks */,
			);
			runOnlyForDeploymentPostprocessing = 0;
		};
		98975679261C675400126288 /* Frameworks */ = {
			isa = PBXFrameworksBuildPhase;
			buildActionMask = 2147483647;
			files = (
				319ABF0C821D3727C6D86358 /* Pods_Ashan_Dias_cobsccomp192p_028_Ashan_Dias_cobsccomp192p_028UITests.framework in Frameworks */,
			);
			runOnlyForDeploymentPostprocessing = 0;
		};
/* End PBXFrameworksBuildPhase section */

/* Begin PBXGroup section */
		98975652261C675300126288 = {
			isa = PBXGroup;
			children = (
				98FB9AF82622F91F00907107 /* Model */,
				98FB9AED2622E38800907107 /* UiRow */,
				989756AE261D8DBE00126288 /* UIHelpers */,
				989756A5261C76C900126288 /* images */,
				9897565D261C675300126288 /* Ashan_Dias_cobsccomp192p_028 */,
				98975674261C675400126288 /* Ashan_Dias_cobsccomp192p_028Tests */,
				9897567F261C675400126288 /* Ashan_Dias_cobsccomp192p_028UITests */,
				9897565C261C675300126288 /* Products */,
				FC45F56ECC0BF07388A3FD7E /* Pods */,
				B8BD9C94DAD8BB4D2912D006 /* Frameworks */,
			);
			sourceTree = "<group>";
		};
		9897565C261C675300126288 /* Products */ = {
			isa = PBXGroup;
			children = (
				9897565B261C675300126288 /* Ashan_Dias_cobsccomp192p_028.app */,
				98975671261C675400126288 /* Ashan_Dias_cobsccomp192p_028Tests.xctest */,
				9897567C261C675400126288 /* Ashan_Dias_cobsccomp192p_028UITests.xctest */,
			);
			name = Products;
			sourceTree = "<group>";
		};
		9897565D261C675300126288 /* Ashan_Dias_cobsccomp192p_028 */ = {
			isa = PBXGroup;
			children = (
				989756BA261D92FC00126288 /* Controllers */,
				9897565E261C675300126288 /* AppDelegate.swift */,
				98975660261C675300126288 /* SceneDelegate.swift */,
				98975664261C675300126288 /* Main.storyboard */,
				98975667261C675400126288 /* Assets.xcassets */,
				98975669261C675400126288 /* LaunchScreen.storyboard */,
				9897566C261C675400126288 /* Info.plist */,
				98FB9AE82622DE0E00907107 /* GoogleService-Info.plist */,
			);
			path = Ashan_Dias_cobsccomp192p_028;
			sourceTree = "<group>";
		};
		98975674261C675400126288 /* Ashan_Dias_cobsccomp192p_028Tests */ = {
			isa = PBXGroup;
			children = (
				98975675261C675400126288 /* Ashan_Dias_cobsccomp192p_028Tests.swift */,
				98975677261C675400126288 /* Info.plist */,
			);
			path = Ashan_Dias_cobsccomp192p_028Tests;
			sourceTree = "<group>";
		};
		9897567F261C675400126288 /* Ashan_Dias_cobsccomp192p_028UITests */ = {
			isa = PBXGroup;
			children = (
				98975680261C675400126288 /* Ashan_Dias_cobsccomp192p_028UITests.swift */,
				98975682261C675400126288 /* Info.plist */,
			);
			path = Ashan_Dias_cobsccomp192p_028UITests;
			sourceTree = "<group>";
		};
		989756A5261C76C900126288 /* images */ = {
			isa = PBXGroup;
			children = (
				989756A6261C775800126288 /* logo.png */,
				989756D2261DA0C500126288 /* layer-211@2x.png */,
				989756D7261DA0D800126288 /* pin2x-1.png */,
				98F6D256261F3F0100AEA8BA /* default_Image.png */,
			);
			path = images;
			sourceTree = "<group>";
		};
		989756AE261D8DBE00126288 /* UIHelpers */ = {
			isa = PBXGroup;
			children = (
			);
			path = UIHelpers;
			sourceTree = "<group>";
		};
		989756BA261D92FC00126288 /* Controllers */ = {
			isa = PBXGroup;
			children = (
				98975662261C675300126288 /* LoginViewController.swift */,
				989756BE261D938500126288 /* RegisterViewController.swift */,
				989756C3261D98F700126288 /* ForgetPasswordViewController.swift */,
				989756C8261D99B700126288 /* RetrivePasswordViewController.swift */,
				989756CD261DA03800126288 /* LocationViewController.swift */,
				98F6D23F261EF9EC00AEA8BA /* PreviewViewController.swift */,
				98F6D244261EFA0A00AEA8BA /* CategoryViewController.swift */,
				98F6D249261EFA2B00AEA8BA /* MenuViewController.swift */,
				98EEA56726242840001048A7 /* OrderViewController.swift */,
			);
			path = Controllers;
			sourceTree = "<group>";
		};
		98FB9AED2622E38800907107 /* UiRow */ = {
			isa = PBXGroup;
			children = (
				98FB9AEE2622E3B300907107 /* CategoryTableViewCell.swift */,
				98FB9AEF2622E3B300907107 /* CategoryTableViewCell.xib */,
				98EEA56026233E51001048A7 /* PreviewTableViewCell.swift */,
				98EEA56126233E51001048A7 /* PreviewTableViewCell.xib */,
				98EEA56C26242D58001048A7 /* OrderTableViewCell.swift */,
				98EEA56D26242D58001048A7 /* OrderTableViewCell.xib */,
			);
			path = UiRow;
			sourceTree = "<group>";
		};
		98FB9AF82622F91F00907107 /* Model */ = {
			isa = PBXGroup;
			children = (
				98FB9AF92622F93000907107 /* Category.swift */,
				98EEA54826232D05001048A7 /* MenuItem.swift */,
				98EEA5732624432D001048A7 /* Orders.swift */,
			);
			path = Model;
			sourceTree = "<group>";
		};
		B8BD9C94DAD8BB4D2912D006 /* Frameworks */ = {
			isa = PBXGroup;
			children = (
				3746F6C9F78BCC731D5C9DD7 /* Pods_Ashan_Dias_cobsccomp192p_028.framework */,
				FCC168F62951DE55B36B9E4E /* Pods_Ashan_Dias_cobsccomp192p_028_Ashan_Dias_cobsccomp192p_028UITests.framework */,
				B35F549CC2D7FE820C4BCCE2 /* Pods_Ashan_Dias_cobsccomp192p_028Tests.framework */,
			);
			name = Frameworks;
			sourceTree = "<group>";
		};
		FC45F56ECC0BF07388A3FD7E /* Pods */ = {
			isa = PBXGroup;
			children = (
				B4F998E7D1886EE079288410 /* Pods-Ashan_Dias_cobsccomp192p_028.debug.xcconfig */,
				A73629927D8838DA29A85AFE /* Pods-Ashan_Dias_cobsccomp192p_028.release.xcconfig */,
				B377792B4B715482DED1710E /* Pods-Ashan_Dias_cobsccomp192p_028-Ashan_Dias_cobsccomp192p_028UITests.debug.xcconfig */,
				D0C48AE02889A2ABAD32EACB /* Pods-Ashan_Dias_cobsccomp192p_028-Ashan_Dias_cobsccomp192p_028UITests.release.xcconfig */,
				F350A6B012220971593E0D70 /* Pods-Ashan_Dias_cobsccomp192p_028Tests.debug.xcconfig */,
				182C6E5BE8C79A168ED5F7D8 /* Pods-Ashan_Dias_cobsccomp192p_028Tests.release.xcconfig */,
			);
			path = Pods;
			sourceTree = "<group>";
		};
/* End PBXGroup section */

/* Begin PBXNativeTarget section */
		9897565A261C675300126288 /* Ashan_Dias_cobsccomp192p_028 */ = {
			isa = PBXNativeTarget;
			buildConfigurationList = 98975685261C675400126288 /* Build configuration list for PBXNativeTarget "Ashan_Dias_cobsccomp192p_028" */;
			buildPhases = (
				3E4A4287C89AC3882FAB88DD /* [CP] Check Pods Manifest.lock */,
				98975657261C675300126288 /* Sources */,
				98975658261C675300126288 /* Frameworks */,
				98975659261C675300126288 /* Resources */,
				CF0AD37B87D2EFE6CDA9E611 /* [CP] Embed Pods Frameworks */,
			);
			buildRules = (
			);
			dependencies = (
			);
			name = Ashan_Dias_cobsccomp192p_028;
			productName = Ashan_Dias_cobsccomp192p_028;
			productReference = 9897565B261C675300126288 /* Ashan_Dias_cobsccomp192p_028.app */;
			productType = "com.apple.product-type.application";
		};
		98975670261C675400126288 /* Ashan_Dias_cobsccomp192p_028Tests */ = {
			isa = PBXNativeTarget;
			buildConfigurationList = 98975688261C675400126288 /* Build configuration list for PBXNativeTarget "Ashan_Dias_cobsccomp192p_028Tests" */;
			buildPhases = (
				4CE36D21787632084D69C581 /* [CP] Check Pods Manifest.lock */,
				9897566D261C675400126288 /* Sources */,
				9897566E261C675400126288 /* Frameworks */,
				9897566F261C675400126288 /* Resources */,
			);
			buildRules = (
			);
			dependencies = (
				98975673261C675400126288 /* PBXTargetDependency */,
			);
			name = Ashan_Dias_cobsccomp192p_028Tests;
			productName = Ashan_Dias_cobsccomp192p_028Tests;
			productReference = 98975671261C675400126288 /* Ashan_Dias_cobsccomp192p_028Tests.xctest */;
			productType = "com.apple.product-type.bundle.unit-test";
		};
		9897567B261C675400126288 /* Ashan_Dias_cobsccomp192p_028UITests */ = {
			isa = PBXNativeTarget;
			buildConfigurationList = 9897568B261C675400126288 /* Build configuration list for PBXNativeTarget "Ashan_Dias_cobsccomp192p_028UITests" */;
			buildPhases = (
				D3EB9428BF17F0A92EDF119B /* [CP] Check Pods Manifest.lock */,
				98975678261C675400126288 /* Sources */,
				98975679261C675400126288 /* Frameworks */,
				9897567A261C675400126288 /* Resources */,
				9F15C12E256CEF2BCD1BF982 /* [CP] Embed Pods Frameworks */,
			);
			buildRules = (
			);
			dependencies = (
				9897567E261C675400126288 /* PBXTargetDependency */,
			);
			name = Ashan_Dias_cobsccomp192p_028UITests;
			productName = Ashan_Dias_cobsccomp192p_028UITests;
			productReference = 9897567C261C675400126288 /* Ashan_Dias_cobsccomp192p_028UITests.xctest */;
			productType = "com.apple.product-type.bundle.ui-testing";
		};
/* End PBXNativeTarget section */

/* Begin PBXProject section */
		98975653261C675300126288 /* Project object */ = {
			isa = PBXProject;
			attributes = {
				LastSwiftUpdateCheck = 1240;
				LastUpgradeCheck = 1240;
				TargetAttributes = {
					9897565A261C675300126288 = {
						CreatedOnToolsVersion = 12.4;
					};
					98975670261C675400126288 = {
						CreatedOnToolsVersion = 12.4;
						TestTargetID = 9897565A261C675300126288;
					};
					9897567B261C675400126288 = {
						CreatedOnToolsVersion = 12.4;
						TestTargetID = 9897565A261C675300126288;
					};
				};
			};
			buildConfigurationList = 98975656261C675300126288 /* Build configuration list for PBXProject "Ashan_Dias_cobsccomp192p_028" */;
			compatibilityVersion = "Xcode 9.3";
			developmentRegion = en;
			hasScannedForEncodings = 0;
			knownRegions = (
				en,
				Base,
			);
			mainGroup = 98975652261C675300126288;
			productRefGroup = 9897565C261C675300126288 /* Products */;
			projectDirPath = "";
			projectRoot = "";
			targets = (
				9897565A261C675300126288 /* Ashan_Dias_cobsccomp192p_028 */,
				98975670261C675400126288 /* Ashan_Dias_cobsccomp192p_028Tests */,
				9897567B261C675400126288 /* Ashan_Dias_cobsccomp192p_028UITests */,
			);
		};
/* End PBXProject section */

/* Begin PBXResourcesBuildPhase section */
		98975659261C675300126288 /* Resources */ = {
			isa = PBXResourcesBuildPhase;
			buildActionMask = 2147483647;
			files = (
				98F6D257261F3F0200AEA8BA /* default_Image.png in Resources */,
				98FB9AE92622DE0E00907107 /* GoogleService-Info.plist in Resources */,
				989756D3261DA0C500126288 /* layer-211@2x.png in Resources */,
				98FB9AF12622E3B300907107 /* CategoryTableViewCell.xib in Resources */,
				98EEA56F26242D58001048A7 /* OrderTableViewCell.xib in Resources */,
				98EEA56326233E51001048A7 /* PreviewTableViewCell.xib in Resources */,
				989756A7261C775800126288 /* logo.png in Resources */,
				9897566B261C675400126288 /* LaunchScreen.storyboard in Resources */,
				98975668261C675400126288 /* Assets.xcassets in Resources */,
				98975666261C675300126288 /* Main.storyboard in Resources */,
				989756D8261DA0D800126288 /* pin2x-1.png in Resources */,
			);
			runOnlyForDeploymentPostprocessing = 0;
		};
		9897566F261C675400126288 /* Resources */ = {
			isa = PBXResourcesBuildPhase;
			buildActionMask = 2147483647;
			files = (
			);
			runOnlyForDeploymentPostprocessing = 0;
		};
		9897567A261C675400126288 /* Resources */ = {
			isa = PBXResourcesBuildPhase;
			buildActionMask = 2147483647;
			files = (
			);
			runOnlyForDeploymentPostprocessing = 0;
		};
/* End PBXResourcesBuildPhase section */

/* Begin PBXShellScriptBuildPhase section */
		3E4A4287C89AC3882FAB88DD /* [CP] Check Pods Manifest.lock */ = {
			isa = PBXShellScriptBuildPhase;
			buildActionMask = 2147483647;
			files = (
			);
			inputFileListPaths = (
			);
			inputPaths = (
				"${PODS_PODFILE_DIR_PATH}/Podfile.lock",
				"${PODS_ROOT}/Manifest.lock",
			);
			name = "[CP] Check Pods Manifest.lock";
			outputFileListPaths = (
			);
			outputPaths = (
				"$(DERIVED_FILE_DIR)/Pods-Ashan_Dias_cobsccomp192p_028-checkManifestLockResult.txt",
			);
			runOnlyForDeploymentPostprocessing = 0;
			shellPath = /bin/sh;
			shellScript = "diff \"${PODS_PODFILE_DIR_PATH}/Podfile.lock\" \"${PODS_ROOT}/Manifest.lock\" > /dev/null\nif [ $? != 0 ] ; then\n    # print error to STDERR\n    echo \"error: The sandbox is not in sync with the Podfile.lock. Run 'pod install' or update your CocoaPods installation.\" >&2\n    exit 1\nfi\n# This output is used by Xcode 'outputs' to avoid re-running this script phase.\necho \"SUCCESS\" > \"${SCRIPT_OUTPUT_FILE_0}\"\n";
			showEnvVarsInLog = 0;
		};
		4CE36D21787632084D69C581 /* [CP] Check Pods Manifest.lock */ = {
			isa = PBXShellScriptBuildPhase;
			buildActionMask = 2147483647;
			files = (
			);
			inputFileListPaths = (
			);
			inputPaths = (
				"${PODS_PODFILE_DIR_PATH}/Podfile.lock",
				"${PODS_ROOT}/Manifest.lock",
			);
			name = "[CP] Check Pods Manifest.lock";
			outputFileListPaths = (
			);
			outputPaths = (
				"$(DERIVED_FILE_DIR)/Pods-Ashan_Dias_cobsccomp192p_028Tests-checkManifestLockResult.txt",
			);
			runOnlyForDeploymentPostprocessing = 0;
			shellPath = /bin/sh;
			shellScript = "diff \"${PODS_PODFILE_DIR_PATH}/Podfile.lock\" \"${PODS_ROOT}/Manifest.lock\" > /dev/null\nif [ $? != 0 ] ; then\n    # print error to STDERR\n    echo \"error: The sandbox is not in sync with the Podfile.lock. Run 'pod install' or update your CocoaPods installation.\" >&2\n    exit 1\nfi\n# This output is used by Xcode 'outputs' to avoid re-running this script phase.\necho \"SUCCESS\" > \"${SCRIPT_OUTPUT_FILE_0}\"\n";
			showEnvVarsInLog = 0;
		};
		9F15C12E256CEF2BCD1BF982 /* [CP] Embed Pods Frameworks */ = {
			isa = PBXShellScriptBuildPhase;
			buildActionMask = 2147483647;
			files = (
			);
			inputFileListPaths = (
				"${PODS_ROOT}/Target Support Files/Pods-Ashan_Dias_cobsccomp192p_028-Ashan_Dias_cobsccomp192p_028UITests/Pods-Ashan_Dias_cobsccomp192p_028-Ashan_Dias_cobsccomp192p_028UITests-frameworks-${CONFIGURATION}-input-files.xcfilelist",
			);
			name = "[CP] Embed Pods Frameworks";
			outputFileListPaths = (
				"${PODS_ROOT}/Target Support Files/Pods-Ashan_Dias_cobsccomp192p_028-Ashan_Dias_cobsccomp192p_028UITests/Pods-Ashan_Dias_cobsccomp192p_028-Ashan_Dias_cobsccomp192p_028UITests-frameworks-${CONFIGURATION}-output-files.xcfilelist",
			);
			runOnlyForDeploymentPostprocessing = 0;
			shellPath = /bin/sh;
			shellScript = "\"${PODS_ROOT}/Target Support Files/Pods-Ashan_Dias_cobsccomp192p_028-Ashan_Dias_cobsccomp192p_028UITests/Pods-Ashan_Dias_cobsccomp192p_028-Ashan_Dias_cobsccomp192p_028UITests-frameworks.sh\"\n";
			showEnvVarsInLog = 0;
		};
		CF0AD37B87D2EFE6CDA9E611 /* [CP] Embed Pods Frameworks */ = {
			isa = PBXShellScriptBuildPhase;
			buildActionMask = 2147483647;
			files = (
			);
			inputFileListPaths = (
				"${PODS_ROOT}/Target Support Files/Pods-Ashan_Dias_cobsccomp192p_028/Pods-Ashan_Dias_cobsccomp192p_028-frameworks-${CONFIGURATION}-input-files.xcfilelist",
			);
			name = "[CP] Embed Pods Frameworks";
			outputFileListPaths = (
				"${PODS_ROOT}/Target Support Files/Pods-Ashan_Dias_cobsccomp192p_028/Pods-Ashan_Dias_cobsccomp192p_028-frameworks-${CONFIGURATION}-output-files.xcfilelist",
			);
			runOnlyForDeploymentPostprocessing = 0;
			shellPath = /bin/sh;
			shellScript = "\"${PODS_ROOT}/Target Support Files/Pods-Ashan_Dias_cobsccomp192p_028/Pods-Ashan_Dias_cobsccomp192p_028-frameworks.sh\"\n";
			showEnvVarsInLog = 0;
		};
		D3EB9428BF17F0A92EDF119B /* [CP] Check Pods Manifest.lock */ = {
			isa = PBXShellScriptBuildPhase;
			buildActionMask = 2147483647;
			files = (
			);
			inputFileListPaths = (
			);
			inputPaths = (
				"${PODS_PODFILE_DIR_PATH}/Podfile.lock",
				"${PODS_ROOT}/Manifest.lock",
			);
			name = "[CP] Check Pods Manifest.lock";
			outputFileListPaths = (
			);
			outputPaths = (
				"$(DERIVED_FILE_DIR)/Pods-Ashan_Dias_cobsccomp192p_028-Ashan_Dias_cobsccomp192p_028UITests-checkManifestLockResult.txt",
			);
			runOnlyForDeploymentPostprocessing = 0;
			shellPath = /bin/sh;
			shellScript = "diff \"${PODS_PODFILE_DIR_PATH}/Podfile.lock\" \"${PODS_ROOT}/Manifest.lock\" > /dev/null\nif [ $? != 0 ] ; then\n    # print error to STDERR\n    echo \"error: The sandbox is not in sync with the Podfile.lock. Run 'pod install' or update your CocoaPods installation.\" >&2\n    exit 1\nfi\n# This output is used by Xcode 'outputs' to avoid re-running this script phase.\necho \"SUCCESS\" > \"${SCRIPT_OUTPUT_FILE_0}\"\n";
			showEnvVarsInLog = 0;
		};
/* End PBXShellScriptBuildPhase section */

/* Begin PBXSourcesBuildPhase section */
		98975657261C675300126288 /* Sources */ = {
			isa = PBXSourcesBuildPhase;
			buildActionMask = 2147483647;
			files = (
				989756CE261DA03800126288 /* LocationViewController.swift in Sources */,
				98F6D24A261EFA2B00AEA8BA /* MenuViewController.swift in Sources */,
				98EEA56E26242D58001048A7 /* OrderTableViewCell.swift in Sources */,
				98975663261C675300126288 /* LoginViewController.swift in Sources */,
				9897565F261C675300126288 /* AppDelegate.swift in Sources */,
				989756C4261D98F700126288 /* ForgetPasswordViewController.swift in Sources */,
				98975661261C675300126288 /* SceneDelegate.swift in Sources */,
				98EEA5742624432D001048A7 /* Orders.swift in Sources */,
				98EEA54926232D05001048A7 /* MenuItem.swift in Sources */,
				98FB9AF02622E3B300907107 /* CategoryTableViewCell.swift in Sources */,
				98EEA56226233E51001048A7 /* PreviewTableViewCell.swift in Sources */,
				989756BF261D938500126288 /* RegisterViewController.swift in Sources */,
				989756C9261D99B700126288 /* RetrivePasswordViewController.swift in Sources */,
				98EEA56826242840001048A7 /* OrderViewController.swift in Sources */,
				98F6D245261EFA0A00AEA8BA /* CategoryViewController.swift in Sources */,
				98F6D240261EF9EC00AEA8BA /* PreviewViewController.swift in Sources */,
				98FB9AFA2622F93000907107 /* Category.swift in Sources */,
			);
			runOnlyForDeploymentPostprocessing = 0;
		};
		9897566D261C675400126288 /* Sources */ = {
			isa = PBXSourcesBuildPhase;
			buildActionMask = 2147483647;
			files = (
				98975676261C675400126288 /* Ashan_Dias_cobsccomp192p_028Tests.swift in Sources */,
			);
			runOnlyForDeploymentPostprocessing = 0;
		};
		98975678261C675400126288 /* Sources */ = {
			isa = PBXSourcesBuildPhase;
			buildActionMask = 2147483647;
			files = (
				98975681261C675400126288 /* Ashan_Dias_cobsccomp192p_028UITests.swift in Sources */,
			);
			runOnlyForDeploymentPostprocessing = 0;
		};
/* End PBXSourcesBuildPhase section */

/* Begin PBXTargetDependency section */
		98975673261C675400126288 /* PBXTargetDependency */ = {
			isa = PBXTargetDependency;
			target = 9897565A261C675300126288 /* Ashan_Dias_cobsccomp192p_028 */;
			targetProxy = 98975672261C675400126288 /* PBXContainerItemProxy */;
		};
		9897567E261C675400126288 /* PBXTargetDependency */ = {
			isa = PBXTargetDependency;
			target = 9897565A261C675300126288 /* Ashan_Dias_cobsccomp192p_028 */;
			targetProxy = 9897567D261C675400126288 /* PBXContainerItemProxy */;
		};
/* End PBXTargetDependency section */

/* Begin PBXVariantGroup section */
		98975664261C675300126288 /* Main.storyboard */ = {
			isa = PBXVariantGroup;
			children = (
				98975665261C675300126288 /* Base */,
			);
			name = Main.storyboard;
			sourceTree = "<group>";
		};
		98975669261C675400126288 /* LaunchScreen.storyboard */ = {
			isa = PBXVariantGroup;
			children = (
				9897566A261C675400126288 /* Base */,
			);
			name = LaunchScreen.storyboard;
			sourceTree = "<group>";
		};
/* End PBXVariantGroup section */

/* Begin XCBuildConfiguration section */
		98975683261C675400126288 /* Debug */ = {
			isa = XCBuildConfiguration;
			buildSettings = {
				ALWAYS_SEARCH_USER_PATHS = NO;
				CLANG_ANALYZER_NONNULL = YES;
				CLANG_ANALYZER_NUMBER_OBJECT_CONVERSION = YES_AGGRESSIVE;
				CLANG_CXX_LANGUAGE_STANDARD = "gnu++14";
				CLANG_CXX_LIBRARY = "libc++";
				CLANG_ENABLE_MODULES = YES;
				CLANG_ENABLE_OBJC_ARC = YES;
				CLANG_ENABLE_OBJC_WEAK = YES;
				CLANG_WARN_BLOCK_CAPTURE_AUTORELEASING = YES;
				CLANG_WARN_BOOL_CONVERSION = YES;
				CLANG_WARN_COMMA = YES;
				CLANG_WARN_CONSTANT_CONVERSION = YES;
				CLANG_WARN_DEPRECATED_OBJC_IMPLEMENTATIONS = YES;
				CLANG_WARN_DIRECT_OBJC_ISA_USAGE = YES_ERROR;
				CLANG_WARN_DOCUMENTATION_COMMENTS = YES;
				CLANG_WARN_EMPTY_BODY = YES;
				CLANG_WARN_ENUM_CONVERSION = YES;
				CLANG_WARN_INFINITE_RECURSION = YES;
				CLANG_WARN_INT_CONVERSION = YES;
				CLANG_WARN_NON_LITERAL_NULL_CONVERSION = YES;
				CLANG_WARN_OBJC_IMPLICIT_RETAIN_SELF = YES;
				CLANG_WARN_OBJC_LITERAL_CONVERSION = YES;
				CLANG_WARN_OBJC_ROOT_CLASS = YES_ERROR;
				CLANG_WARN_QUOTED_INCLUDE_IN_FRAMEWORK_HEADER = YES;
				CLANG_WARN_RANGE_LOOP_ANALYSIS = YES;
				CLANG_WARN_STRICT_PROTOTYPES = YES;
				CLANG_WARN_SUSPICIOUS_MOVE = YES;
				CLANG_WARN_UNGUARDED_AVAILABILITY = YES_AGGRESSIVE;
				CLANG_WARN_UNREACHABLE_CODE = YES;
				CLANG_WARN__DUPLICATE_METHOD_MATCH = YES;
				COPY_PHASE_STRIP = NO;
				DEBUG_INFORMATION_FORMAT = dwarf;
				ENABLE_STRICT_OBJC_MSGSEND = YES;
				ENABLE_TESTABILITY = YES;
				GCC_C_LANGUAGE_STANDARD = gnu11;
				GCC_DYNAMIC_NO_PIC = NO;
				GCC_NO_COMMON_BLOCKS = YES;
				GCC_OPTIMIZATION_LEVEL = 0;
				GCC_PREPROCESSOR_DEFINITIONS = (
					"DEBUG=1",
					"$(inherited)",
				);
				GCC_WARN_64_TO_32_BIT_CONVERSION = YES;
				GCC_WARN_ABOUT_RETURN_TYPE = YES_ERROR;
				GCC_WARN_UNDECLARED_SELECTOR = YES;
				GCC_WARN_UNINITIALIZED_AUTOS = YES_AGGRESSIVE;
				GCC_WARN_UNUSED_FUNCTION = YES;
				GCC_WARN_UNUSED_VARIABLE = YES;
				IPHONEOS_DEPLOYMENT_TARGET = 14.4;
				MTL_ENABLE_DEBUG_INFO = INCLUDE_SOURCE;
				MTL_FAST_MATH = YES;
				ONLY_ACTIVE_ARCH = YES;
				SDKROOT = iphoneos;
				SWIFT_ACTIVE_COMPILATION_CONDITIONS = DEBUG;
				SWIFT_OPTIMIZATION_LEVEL = "-Onone";
			};
			name = Debug;
		};
		98975684261C675400126288 /* Release */ = {
			isa = XCBuildConfiguration;
			buildSettings = {
				ALWAYS_SEARCH_USER_PATHS = NO;
				CLANG_ANALYZER_NONNULL = YES;
				CLANG_ANALYZER_NUMBER_OBJECT_CONVERSION = YES_AGGRESSIVE;
				CLANG_CXX_LANGUAGE_STANDARD = "gnu++14";
				CLANG_CXX_LIBRARY = "libc++";
				CLANG_ENABLE_MODULES = YES;
				CLANG_ENABLE_OBJC_ARC = YES;
				CLANG_ENABLE_OBJC_WEAK = YES;
				CLANG_WARN_BLOCK_CAPTURE_AUTORELEASING = YES;
				CLANG_WARN_BOOL_CONVERSION = YES;
				CLANG_WARN_COMMA = YES;
				CLANG_WARN_CONSTANT_CONVERSION = YES;
				CLANG_WARN_DEPRECATED_OBJC_IMPLEMENTATIONS = YES;
				CLANG_WARN_DIRECT_OBJC_ISA_USAGE = YES_ERROR;
				CLANG_WARN_DOCUMENTATION_COMMENTS = YES;
				CLANG_WARN_EMPTY_BODY = YES;
				CLANG_WARN_ENUM_CONVERSION = YES;
				CLANG_WARN_INFINITE_RECURSION = YES;
				CLANG_WARN_INT_CONVERSION = YES;
				CLANG_WARN_NON_LITERAL_NULL_CONVERSION = YES;
				CLANG_WARN_OBJC_IMPLICIT_RETAIN_SELF = YES;
				CLANG_WARN_OBJC_LITERAL_CONVERSION = YES;
				CLANG_WARN_OBJC_ROOT_CLASS = YES_ERROR;
				CLANG_WARN_QUOTED_INCLUDE_IN_FRAMEWORK_HEADER = YES;
				CLANG_WARN_RANGE_LOOP_ANALYSIS = YES;
				CLANG_WARN_STRICT_PROTOTYPES = YES;
				CLANG_WARN_SUSPICIOUS_MOVE = YES;
				CLANG_WARN_UNGUARDED_AVAILABILITY = YES_AGGRESSIVE;
				CLANG_WARN_UNREACHABLE_CODE = YES;
				CLANG_WARN__DUPLICATE_METHOD_MATCH = YES;
				COPY_PHASE_STRIP = NO;
				DEBUG_INFORMATION_FORMAT = "dwarf-with-dsym";
				ENABLE_NS_ASSERTIONS = NO;
				ENABLE_STRICT_OBJC_MSGSEND = YES;
				GCC_C_LANGUAGE_STANDARD = gnu11;
				GCC_NO_COMMON_BLOCKS = YES;
				GCC_WARN_64_TO_32_BIT_CONVERSION = YES;
				GCC_WARN_ABOUT_RETURN_TYPE = YES_ERROR;
				GCC_WARN_UNDECLARED_SELECTOR = YES;
				GCC_WARN_UNINITIALIZED_AUTOS = YES_AGGRESSIVE;
				GCC_WARN_UNUSED_FUNCTION = YES;
				GCC_WARN_UNUSED_VARIABLE = YES;
				IPHONEOS_DEPLOYMENT_TARGET = 14.4;
				MTL_ENABLE_DEBUG_INFO = NO;
				MTL_FAST_MATH = YES;
				SDKROOT = iphoneos;
				SWIFT_COMPILATION_MODE = wholemodule;
				SWIFT_OPTIMIZATION_LEVEL = "-O";
				VALIDATE_PRODUCT = YES;
			};
			name = Release;
		};
		98975686261C675400126288 /* Debug */ = {
			isa = XCBuildConfiguration;
			baseConfigurationReference = B4F998E7D1886EE079288410 /* Pods-Ashan_Dias_cobsccomp192p_028.debug.xcconfig */;
			buildSettings = {
				ASSETCATALOG_COMPILER_APPICON_NAME = AppIcon;
				ASSETCATALOG_COMPILER_GLOBAL_ACCENT_COLOR_NAME = AccentColor;
				CODE_SIGN_STYLE = Automatic;
				INFOPLIST_FILE = Ashan_Dias_cobsccomp192p_028/Info.plist;
				LD_RUNPATH_SEARCH_PATHS = (
					"$(inherited)",
					"@executable_path/Frameworks",
				);
				PRODUCT_BUNDLE_IDENTIFIER = "Test.Ashan-Dias-cobsccomp192p-028";
				PRODUCT_NAME = "$(TARGET_NAME)";
				SWIFT_VERSION = 5.0;
				TARGETED_DEVICE_FAMILY = "1,2";
			};
			name = Debug;
		};
		98975687261C675400126288 /* Release */ = {
			isa = XCBuildConfiguration;
			baseConfigurationReference = A73629927D8838DA29A85AFE /* Pods-Ashan_Dias_cobsccomp192p_028.release.xcconfig */;
			buildSettings = {
				ASSETCATALOG_COMPILER_APPICON_NAME = AppIcon;
				ASSETCATALOG_COMPILER_GLOBAL_ACCENT_COLOR_NAME = AccentColor;
				CODE_SIGN_STYLE = Automatic;
				INFOPLIST_FILE = Ashan_Dias_cobsccomp192p_028/Info.plist;
				LD_RUNPATH_SEARCH_PATHS = (
					"$(inherited)",
					"@executable_path/Frameworks",
				);
				PRODUCT_BUNDLE_IDENTIFIER = "Test.Ashan-Dias-cobsccomp192p-028";
				PRODUCT_NAME = "$(TARGET_NAME)";
				SWIFT_VERSION = 5.0;
				TARGETED_DEVICE_FAMILY = "1,2";
			};
			name = Release;
		};
		98975689261C675400126288 /* Debug */ = {
			isa = XCBuildConfiguration;
			baseConfigurationReference = F350A6B012220971593E0D70 /* Pods-Ashan_Dias_cobsccomp192p_028Tests.debug.xcconfig */;
			buildSettings = {
				ALWAYS_EMBED_SWIFT_STANDARD_LIBRARIES = YES;
				BUNDLE_LOADER = "$(TEST_HOST)";
				CODE_SIGN_STYLE = Automatic;
				INFOPLIST_FILE = Ashan_Dias_cobsccomp192p_028Tests/Info.plist;
				IPHONEOS_DEPLOYMENT_TARGET = 14.4;
				LD_RUNPATH_SEARCH_PATHS = (
					"$(inherited)",
					"@executable_path/Frameworks",
					"@loader_path/Frameworks",
				);
				PRODUCT_BUNDLE_IDENTIFIER = "Test.Ashan-Dias-cobsccomp192p-028Tests";
				PRODUCT_NAME = "$(TARGET_NAME)";
				SWIFT_VERSION = 5.0;
				TARGETED_DEVICE_FAMILY = "1,2";
				TEST_HOST = "$(BUILT_PRODUCTS_DIR)/Ashan_Dias_cobsccomp192p_028.app/Ashan_Dias_cobsccomp192p_028";
			};
			name = Debug;
		};
		9897568A261C675400126288 /* Release */ = {
			isa = XCBuildConfiguration;
			baseConfigurationReference = 182C6E5BE8C79A168ED5F7D8 /* Pods-Ashan_Dias_cobsccomp192p_028Tests.release.xcconfig */;
			buildSettings = {
				ALWAYS_EMBED_SWIFT_STANDARD_LIBRARIES = YES;
				BUNDLE_LOADER = "$(TEST_HOST)";
				CODE_SIGN_STYLE = Automatic;
				INFOPLIST_FILE = Ashan_Dias_cobsccomp192p_028Tests/Info.plist;
				IPHONEOS_DEPLOYMENT_TARGET = 14.4;
				LD_RUNPATH_SEARCH_PATHS = (
					"$(inherited)",
					"@executable_path/Frameworks",
					"@loader_path/Frameworks",
				);
				PRODUCT_BUNDLE_IDENTIFIER = "Test.Ashan-Dias-cobsccomp192p-028Tests";
				PRODUCT_NAME = "$(TARGET_NAME)";
				SWIFT_VERSION = 5.0;
				TARGETED_DEVICE_FAMILY = "1,2";
				TEST_HOST = "$(BUILT_PRODUCTS_DIR)/Ashan_Dias_cobsccomp192p_028.app/Ashan_Dias_cobsccomp192p_028";
			};
			name = Release;
		};
		9897568C261C675400126288 /* Debug */ = {
			isa = XCBuildConfiguration;
			baseConfigurationReference = B377792B4B715482DED1710E /* Pods-Ashan_Dias_cobsccomp192p_028-Ashan_Dias_cobsccomp192p_028UITests.debug.xcconfig */;
			buildSettings = {
				ALWAYS_EMBED_SWIFT_STANDARD_LIBRARIES = YES;
				CODE_SIGN_STYLE = Automatic;
				INFOPLIST_FILE = Ashan_Dias_cobsccomp192p_028UITests/Info.plist;
				LD_RUNPATH_SEARCH_PATHS = (
					"$(inherited)",
					"@executable_path/Frameworks",
					"@loader_path/Frameworks",
				);
				PRODUCT_BUNDLE_IDENTIFIER = "Test.Ashan-Dias-cobsccomp192p-028UITests";
				PRODUCT_NAME = "$(TARGET_NAME)";
				SWIFT_VERSION = 5.0;
				TARGETED_DEVICE_FAMILY = "1,2";
				TEST_TARGET_NAME = Ashan_Dias_cobsccomp192p_028;
			};
			name = Debug;
		};
		9897568D261C675400126288 /* Release */ = {
			isa = XCBuildConfiguration;
			baseConfigurationReference = D0C48AE02889A2ABAD32EACB /* Pods-Ashan_Dias_cobsccomp192p_028-Ashan_Dias_cobsccomp192p_028UITests.release.xcconfig */;
			buildSettings = {
				ALWAYS_EMBED_SWIFT_STANDARD_LIBRARIES = YES;
				CODE_SIGN_STYLE = Automatic;
				INFOPLIST_FILE = Ashan_Dias_cobsccomp192p_028UITests/Info.plist;
				LD_RUNPATH_SEARCH_PATHS = (
					"$(inherited)",
					"@executable_path/Frameworks",
					"@loader_path/Frameworks",
				);
				PRODUCT_BUNDLE_IDENTIFIER = "Test.Ashan-Dias-cobsccomp192p-028UITests";
				PRODUCT_NAME = "$(TARGET_NAME)";
				SWIFT_VERSION = 5.0;
				TARGETED_DEVICE_FAMILY = "1,2";
				TEST_TARGET_NAME = Ashan_Dias_cobsccomp192p_028;
			};
			name = Release;
		};
/* End XCBuildConfiguration section */

/* Begin XCConfigurationList section */
		98975656261C675300126288 /* Build configuration list for PBXProject "Ashan_Dias_cobsccomp192p_028" */ = {
			isa = XCConfigurationList;
			buildConfigurations = (
				98975683261C675400126288 /* Debug */,
				98975684261C675400126288 /* Release */,
			);
			defaultConfigurationIsVisible = 0;
			defaultConfigurationName = Release;
		};
		98975685261C675400126288 /* Build configuration list for PBXNativeTarget "Ashan_Dias_cobsccomp192p_028" */ = {
			isa = XCConfigurationList;
			buildConfigurations = (
				98975686261C675400126288 /* Debug */,
				98975687261C675400126288 /* Release */,
			);
			defaultConfigurationIsVisible = 0;
			defaultConfigurationName = Release;
		};
		98975688261C675400126288 /* Build configuration list for PBXNativeTarget "Ashan_Dias_cobsccomp192p_028Tests" */ = {
			isa = XCConfigurationList;
			buildConfigurations = (
				98975689261C675400126288 /* Debug */,
				9897568A261C675400126288 /* Release */,
			);
			defaultConfigurationIsVisible = 0;
			defaultConfigurationName = Release;
		};
		9897568B261C675400126288 /* Build configuration list for PBXNativeTarget "Ashan_Dias_cobsccomp192p_028UITests" */ = {
			isa = XCConfigurationList;
			buildConfigurations = (
				9897568C261C675400126288 /* Debug */,
				9897568D261C675400126288 /* Release */,
			);
			defaultConfigurationIsVisible = 0;
			defaultConfigurationName = Release;
		};
/* End XCConfigurationList section */
	};
	rootObject = 98975653261C675300126288 /* Project object */;
}
